# generated by rye
# use `rye lock` or `rye sync` to update this lockfile
#
# last locked with the following flags:
#   pre: false
#   features: []
#   all-features: false
#   with-sources: false
#   generate-hashes: false
#   universal: false

-e file:.
numpy==2.1.0
    # via igwas
    # via pandas
pandas==2.2.2
    # via igwas
python-dateutil==2.9.0.post0
    # via pandas
pytz==2024.1
    # via pandas
six==1.16.0
    # via python-dateutil
tzdata==2024.1
    # via pandas
zstandard==0.23.0
    # via igwas
